// !$*UTF8*$!
{
	archiveVersion = 1;
	classes = {
	};
	objectVersion = 56;
	objects = {

/* Begin PBXBuildFile section */
		BBD910282D0461E800712A9B /* CryptoAppApp.swift in Sources */ = {isa = PBXBuildFile; fileRef = BBD910272D0461E800712A9B /* CryptoAppApp.swift */; };
		BBD9102A2D0461E800712A9B /* ContentView.swift in Sources */ = {isa = PBXBuildFile; fileRef = BBD910292D0461E800712A9B /* ContentView.swift */; };
		BBD9102F2D0461E900712A9B /* Preview Assets.xcassets in Resources */ = {isa = PBXBuildFile; fileRef = BBD9102E2D0461E900712A9B /* Preview Assets.xcassets */; };
		BBD910362D0462B900712A9B /* Assets.xcassets in Resources */ = {isa = PBXBuildFile; fileRef = BBD910352D0462B900712A9B /* Assets.xcassets */; };
		BBD910392D04637400712A9B /* Color.swift in Sources */ = {isa = PBXBuildFile; fileRef = BBD910382D04637400712A9B /* Color.swift */; };
		BBD9103F2D04661700712A9B /* HomeView.swift in Sources */ = {isa = PBXBuildFile; fileRef = BBD9103E2D04661700712A9B /* HomeView.swift */; };
		BBD910432D04685300712A9B /* CircleButtonView.swift in Sources */ = {isa = PBXBuildFile; fileRef = BBD910422D04685300712A9B /* CircleButtonView.swift */; };
		BBD910452D04754C00712A9B /* CircleButtonAnimationView.swift in Sources */ = {isa = PBXBuildFile; fileRef = BBD910442D04754C00712A9B /* CircleButtonAnimationView.swift */; };
		BBD910482D047B1900712A9B /* CoinModel.swift in Sources */ = {isa = PBXBuildFile; fileRef = BBD910472D047B1900712A9B /* CoinModel.swift */; };
		BBD9104A2D04893500712A9B /* CoinRowView.swift in Sources */ = {isa = PBXBuildFile; fileRef = BBD910492D04893500712A9B /* CoinRowView.swift */; };
		BBD9104C2D0489BE00712A9B /* PreviewProvider.swift in Sources */ = {isa = PBXBuildFile; fileRef = BBD9104B2D0489BE00712A9B /* PreviewProvider.swift */; };
		BBD9104E2D04902E00712A9B /* Double.swift in Sources */ = {isa = PBXBuildFile; fileRef = BBD9104D2D04902E00712A9B /* Double.swift */; };
		BBD910502D04A60F00712A9B /* HomeViewModel.swift in Sources */ = {isa = PBXBuildFile; fileRef = BBD9104F2D04A60F00712A9B /* HomeViewModel.swift */; };
		BBD910532D04AFC500712A9B /* CoinDataService.swift in Sources */ = {isa = PBXBuildFile; fileRef = BBD910522D04AFC500712A9B /* CoinDataService.swift */; };
		BBD910562D05A81300712A9B /* NetworkingManager.swift in Sources */ = {isa = PBXBuildFile; fileRef = BBD910552D05A81300712A9B /* NetworkingManager.swift */; };
		BBD910592D05B25C00712A9B /* CoinImageView.swift in Sources */ = {isa = PBXBuildFile; fileRef = BBD910582D05B25C00712A9B /* CoinImageView.swift */; };
		BBD9105B2D05B4FD00712A9B /* CoinImageService.swift in Sources */ = {isa = PBXBuildFile; fileRef = BBD9105A2D05B4FD00712A9B /* CoinImageService.swift */; };
		BBD9105D2D05B79400712A9B /* CoinImageViewModel.swift in Sources */ = {isa = PBXBuildFile; fileRef = BBD9105C2D05B79400712A9B /* CoinImageViewModel.swift */; };
		BBD9105F2D05C03B00712A9B /* LocalFileManager.swift in Sources */ = {isa = PBXBuildFile; fileRef = BBD9105E2D05C03B00712A9B /* LocalFileManager.swift */; };
		BBD910612D05D2C300712A9B /* SearchBarView.swift in Sources */ = {isa = PBXBuildFile; fileRef = BBD910602D05D2C300712A9B /* SearchBarView.swift */; };
		BBD910632D05D94600712A9B /* UIApplication.swift in Sources */ = {isa = PBXBuildFile; fileRef = BBD910622D05D94600712A9B /* UIApplication.swift */; };
/* End PBXBuildFile section */

/* Begin PBXFileReference section */
		BBD910242D0461E800712A9B /* CryptoApp.app */ = {isa = PBXFileReference; explicitFileType = wrapper.application; includeInIndex = 0; path = CryptoApp.app; sourceTree = BUILT_PRODUCTS_DIR; };
		BBD910272D0461E800712A9B /* CryptoAppApp.swift */ = {isa = PBXFileReference; lastKnownFileType = sourcecode.swift; path = CryptoAppApp.swift; sourceTree = "<group>"; };
		BBD910292D0461E800712A9B /* ContentView.swift */ = {isa = PBXFileReference; lastKnownFileType = sourcecode.swift; path = ContentView.swift; sourceTree = "<group>"; };
		BBD9102E2D0461E900712A9B /* Preview Assets.xcassets */ = {isa = PBXFileReference; lastKnownFileType = folder.assetcatalog; path = "Preview Assets.xcassets"; sourceTree = "<group>"; };
		BBD910352D0462B900712A9B /* Assets.xcassets */ = {isa = PBXFileReference; lastKnownFileType = folder.assetcatalog; name = Assets.xcassets; path = ../../../Downloads/Resources/Assets.xcassets; sourceTree = "<group>"; };
		BBD910382D04637400712A9B /* Color.swift */ = {isa = PBXFileReference; lastKnownFileType = sourcecode.swift; path = Color.swift; sourceTree = "<group>"; };
		BBD9103E2D04661700712A9B /* HomeView.swift */ = {isa = PBXFileReference; lastKnownFileType = sourcecode.swift; path = HomeView.swift; sourceTree = "<group>"; };
		BBD910422D04685300712A9B /* CircleButtonView.swift */ = {isa = PBXFileReference; lastKnownFileType = sourcecode.swift; path = CircleButtonView.swift; sourceTree = "<group>"; };
		BBD910442D04754C00712A9B /* CircleButtonAnimationView.swift */ = {isa = PBXFileReference; lastKnownFileType = sourcecode.swift; path = CircleButtonAnimationView.swift; sourceTree = "<group>"; };
		BBD910472D047B1900712A9B /* CoinModel.swift */ = {isa = PBXFileReference; lastKnownFileType = sourcecode.swift; path = CoinModel.swift; sourceTree = "<group>"; };
		BBD910492D04893500712A9B /* CoinRowView.swift */ = {isa = PBXFileReference; lastKnownFileType = sourcecode.swift; path = CoinRowView.swift; sourceTree = "<group>"; };
		BBD9104B2D0489BE00712A9B /* PreviewProvider.swift */ = {isa = PBXFileReference; lastKnownFileType = sourcecode.swift; path = PreviewProvider.swift; sourceTree = "<group>"; };
		BBD9104D2D04902E00712A9B /* Double.swift */ = {isa = PBXFileReference; lastKnownFileType = sourcecode.swift; path = Double.swift; sourceTree = "<group>"; };
		BBD9104F2D04A60F00712A9B /* HomeViewModel.swift */ = {isa = PBXFileReference; lastKnownFileType = sourcecode.swift; path = HomeViewModel.swift; sourceTree = "<group>"; };
		BBD910522D04AFC500712A9B /* CoinDataService.swift */ = {isa = PBXFileReference; lastKnownFileType = sourcecode.swift; path = CoinDataService.swift; sourceTree = "<group>"; };
		BBD910552D05A81300712A9B /* NetworkingManager.swift */ = {isa = PBXFileReference; lastKnownFileType = sourcecode.swift; path = NetworkingManager.swift; sourceTree = "<group>"; };
		BBD910582D05B25C00712A9B /* CoinImageView.swift */ = {isa = PBXFileReference; lastKnownFileType = sourcecode.swift; path = CoinImageView.swift; sourceTree = "<group>"; };
		BBD9105A2D05B4FD00712A9B /* CoinImageService.swift */ = {isa = PBXFileReference; lastKnownFileType = sourcecode.swift; path = CoinImageService.swift; sourceTree = "<group>"; };
		BBD9105C2D05B79400712A9B /* CoinImageViewModel.swift */ = {isa = PBXFileReference; lastKnownFileType = sourcecode.swift; path = CoinImageViewModel.swift; sourceTree = "<group>"; };
		BBD9105E2D05C03B00712A9B /* LocalFileManager.swift */ = {isa = PBXFileReference; lastKnownFileType = sourcecode.swift; path = LocalFileManager.swift; sourceTree = "<group>"; };
		BBD910602D05D2C300712A9B /* SearchBarView.swift */ = {isa = PBXFileReference; lastKnownFileType = sourcecode.swift; path = SearchBarView.swift; sourceTree = "<group>"; };
		BBD910622D05D94600712A9B /* UIApplication.swift */ = {isa = PBXFileReference; lastKnownFileType = sourcecode.swift; path = UIApplication.swift; sourceTree = "<group>"; };
/* End PBXFileReference section */

/* Begin PBXFrameworksBuildPhase section */
		BBD910212D0461E800712A9B /* Frameworks */ = {
			isa = PBXFrameworksBuildPhase;
			buildActionMask = 2147483647;
			files = (
			);
			runOnlyForDeploymentPostprocessing = 0;
		};
/* End PBXFrameworksBuildPhase section */

/* Begin PBXGroup section */
		BBD9101B2D0461E800712A9B = {
			isa = PBXGroup;
			children = (
				BBD910262D0461E800712A9B /* CryptoApp */,
				BBD910252D0461E800712A9B /* Products */,
			);
			sourceTree = "<group>";
		};
		BBD910252D0461E800712A9B /* Products */ = {
			isa = PBXGroup;
			children = (
				BBD910242D0461E800712A9B /* CryptoApp.app */,
			);
			name = Products;
			sourceTree = "<group>";
		};
		BBD910262D0461E800712A9B /* CryptoApp */ = {
			isa = PBXGroup;
			children = (
				BBD910272D0461E800712A9B /* CryptoAppApp.swift */,
				BBD910372D04636300712A9B /* Extensions */,
				BBD910542D05A7EC00712A9B /* Utilities */,
				BBD910512D04AF9D00712A9B /* Services */,
				BBD910462D047AF600712A9B /* Models */,
				BBD9103A2D0465D400712A9B /* Core */,
				BBD910292D0461E800712A9B /* ContentView.swift */,
				BBD910352D0462B900712A9B /* Assets.xcassets */,
				BBD9102D2D0461E900712A9B /* Preview Content */,
			);
			path = CryptoApp;
			sourceTree = "<group>";
		};
		BBD9102D2D0461E900712A9B /* Preview Content */ = {
			isa = PBXGroup;
			children = (
				BBD9102E2D0461E900712A9B /* Preview Assets.xcassets */,
			);
			path = "Preview Content";
			sourceTree = "<group>";
		};
		BBD910372D04636300712A9B /* Extensions */ = {
			isa = PBXGroup;
			children = (
				BBD910382D04637400712A9B /* Color.swift */,
				BBD9104D2D04902E00712A9B /* Double.swift */,
				BBD9104B2D0489BE00712A9B /* PreviewProvider.swift */,
				BBD910622D05D94600712A9B /* UIApplication.swift */,
			);
			path = Extensions;
			sourceTree = "<group>";
		};
		BBD9103A2D0465D400712A9B /* Core */ = {
			isa = PBXGroup;
			children = (
				BBD910402D04682D00712A9B /* Components */,
				BBD9103B2D0465EB00712A9B /* Home */,
			);
			path = Core;
			sourceTree = "<group>";
		};
		BBD9103B2D0465EB00712A9B /* Home */ = {
			isa = PBXGroup;
			children = (
				BBD9103D2D04660400712A9B /* ViewModels */,
				BBD9103C2D0465F800712A9B /* Views */,
			);
			path = Home;
			sourceTree = "<group>";
		};
		BBD9103C2D0465F800712A9B /* Views */ = {
			isa = PBXGroup;
			children = (
				BBD9103E2D04661700712A9B /* HomeView.swift */,
				BBD910492D04893500712A9B /* CoinRowView.swift */,
			);
			path = Views;
			sourceTree = "<group>";
		};
		BBD9103D2D04660400712A9B /* ViewModels */ = {
			isa = PBXGroup;
			children = (
				BBD9104F2D04A60F00712A9B /* HomeViewModel.swift */,
			);
			path = ViewModels;
			sourceTree = "<group>";
		};
		BBD910402D04682D00712A9B /* Components */ = {
			isa = PBXGroup;
			children = (
				BBD910572D05B24600712A9B /* CoinImage */,
				BBD910412D04684500712A9B /* CircleButton */,
				BBD910602D05D2C300712A9B /* SearchBarView.swift */,
			);
			path = Components;
			sourceTree = "<group>";
		};
		BBD910412D04684500712A9B /* CircleButton */ = {
			isa = PBXGroup;
			children = (
				BBD910422D04685300712A9B /* CircleButtonView.swift */,
				BBD910442D04754C00712A9B /* CircleButtonAnimationView.swift */,
			);
			path = CircleButton;
			sourceTree = "<group>";
		};
		BBD910462D047AF600712A9B /* Models */ = {
			isa = PBXGroup;
			children = (
				BBD910472D047B1900712A9B /* CoinModel.swift */,
			);
			path = Models;
			sourceTree = "<group>";
		};
		BBD910512D04AF9D00712A9B /* Services */ = {
			isa = PBXGroup;
			children = (
				BBD910522D04AFC500712A9B /* CoinDataService.swift */,
				BBD9105A2D05B4FD00712A9B /* CoinImageService.swift */,
			);
			path = Services;
			sourceTree = "<group>";
		};
		BBD910542D05A7EC00712A9B /* Utilities */ = {
			isa = PBXGroup;
			children = (
				BBD910552D05A81300712A9B /* NetworkingManager.swift */,
				BBD9105E2D05C03B00712A9B /* LocalFileManager.swift */,
			);
			path = Utilities;
			sourceTree = "<group>";
		};
		BBD910572D05B24600712A9B /* CoinImage */ = {
			isa = PBXGroup;
			children = (
				BBD910582D05B25C00712A9B /* CoinImageView.swift */,
				BBD9105C2D05B79400712A9B /* CoinImageViewModel.swift */,
			);
			path = CoinImage;
			sourceTree = "<group>";
		};
/* End PBXGroup section */

/* Begin PBXNativeTarget section */
		BBD910232D0461E800712A9B /* CryptoApp */ = {
			isa = PBXNativeTarget;
			buildConfigurationList = BBD910322D0461E900712A9B /* Build configuration list for PBXNativeTarget "CryptoApp" */;
			buildPhases = (
				BBD910202D0461E800712A9B /* Sources */,
				BBD910212D0461E800712A9B /* Frameworks */,
				BBD910222D0461E800712A9B /* Resources */,
			);
			buildRules = (
			);
			dependencies = (
			);
			name = CryptoApp;
			productName = CryptoApp;
			productReference = BBD910242D0461E800712A9B /* CryptoApp.app */;
			productType = "com.apple.product-type.application";
		};
/* End PBXNativeTarget section */

/* Begin PBXProject section */
		BBD9101C2D0461E800712A9B /* Project object */ = {
			isa = PBXProject;
			attributes = {
				BuildIndependentTargetsInParallel = 1;
				LastSwiftUpdateCheck = 1520;
				LastUpgradeCheck = 1520;
				TargetAttributes = {
					BBD910232D0461E800712A9B = {
						CreatedOnToolsVersion = 15.2;
					};
				};
			};
			buildConfigurationList = BBD9101F2D0461E800712A9B /* Build configuration list for PBXProject "CryptoApp" */;
			compatibilityVersion = "Xcode 14.0";
			developmentRegion = en;
			hasScannedForEncodings = 0;
			knownRegions = (
				en,
				Base,
			);
			mainGroup = BBD9101B2D0461E800712A9B;
			productRefGroup = BBD910252D0461E800712A9B /* Products */;
			projectDirPath = "";
			projectRoot = "";
			targets = (
				BBD910232D0461E800712A9B /* CryptoApp */,
			);
		};
/* End PBXProject section */

/* Begin PBXResourcesBuildPhase section */
		BBD910222D0461E800712A9B /* Resources */ = {
			isa = PBXResourcesBuildPhase;
			buildActionMask = 2147483647;
			files = (
				BBD9102F2D0461E900712A9B /* Preview Assets.xcassets in Resources */,
				BBD910362D0462B900712A9B /* Assets.xcassets in Resources */,
			);
			runOnlyForDeploymentPostprocessing = 0;
		};
/* End PBXResourcesBuildPhase section */

/* Begin PBXSourcesBuildPhase section */
		BBD910202D0461E800712A9B /* Sources */ = {
			isa = PBXSourcesBuildPhase;
			buildActionMask = 2147483647;
			files = (
				BBD910532D04AFC500712A9B /* CoinDataService.swift in Sources */,
				BBD9104A2D04893500712A9B /* CoinRowView.swift in Sources */,
				BBD910502D04A60F00712A9B /* HomeViewModel.swift in Sources */,
				BBD9102A2D0461E800712A9B /* ContentView.swift in Sources */,
				BBD9105F2D05C03B00712A9B /* LocalFileManager.swift in Sources */,
				BBD9103F2D04661700712A9B /* HomeView.swift in Sources */,
				BBD910592D05B25C00712A9B /* CoinImageView.swift in Sources */,
				BBD910282D0461E800712A9B /* CryptoAppApp.swift in Sources */,
				BBD910632D05D94600712A9B /* UIApplication.swift in Sources */,
				BBD910432D04685300712A9B /* CircleButtonView.swift in Sources */,
				BBD9104E2D04902E00712A9B /* Double.swift in Sources */,
				BBD910612D05D2C300712A9B /* SearchBarView.swift in Sources */,
				BBD910562D05A81300712A9B /* NetworkingManager.swift in Sources */,
				BBD910392D04637400712A9B /* Color.swift in Sources */,
				BBD9105D2D05B79400712A9B /* CoinImageViewModel.swift in Sources */,
				BBD910452D04754C00712A9B /* CircleButtonAnimationView.swift in Sources */,
				BBD9104C2D0489BE00712A9B /* PreviewProvider.swift in Sources */,
				BBD9105B2D05B4FD00712A9B /* CoinImageService.swift in Sources */,
				BBD910482D047B1900712A9B /* CoinModel.swift in Sources */,
			);
			runOnlyForDeploymentPostprocessing = 0;
		};
/* End PBXSourcesBuildPhase section */

/* Begin XCBuildConfiguration section */
		BBD910302D0461E900712A9B /* Debug */ = {
			isa = XCBuildConfiguration;
			buildSettings = {
				ALWAYS_SEARCH_USER_PATHS = NO;
				ASSETCATALOG_COMPILER_GENERATE_SWIFT_ASSET_SYMBOL_EXTENSIONS = YES;
				CLANG_ANALYZER_NONNULL = YES;
				CLANG_ANALYZER_NUMBER_OBJECT_CONVERSION = YES_AGGRESSIVE;
				CLANG_CXX_LANGUAGE_STANDARD = "gnu++20";
				CLANG_ENABLE_MODULES = YES;
				CLANG_ENABLE_OBJC_ARC = YES;
				CLANG_ENABLE_OBJC_WEAK = YES;
				CLANG_WARN_BLOCK_CAPTURE_AUTORELEASING = YES;
				CLANG_WARN_BOOL_CONVERSION = YES;
				CLANG_WARN_COMMA = YES;
				CLANG_WARN_CONSTANT_CONVERSION = YES;
				CLANG_WARN_DEPRECATED_OBJC_IMPLEMENTATIONS = YES;
				CLANG_WARN_DIRECT_OBJC_ISA_USAGE = YES_ERROR;
				CLANG_WARN_DOCUMENTATION_COMMENTS = YES;
				CLANG_WARN_EMPTY_BODY = YES;
				CLANG_WARN_ENUM_CONVERSION = YES;
				CLANG_WARN_INFINITE_RECURSION = YES;
				CLANG_WARN_INT_CONVERSION = YES;
				CLANG_WARN_NON_LITERAL_NULL_CONVERSION = YES;
				CLANG_WARN_OBJC_IMPLICIT_RETAIN_SELF = YES;
				CLANG_WARN_OBJC_LITERAL_CONVERSION = YES;
				CLANG_WARN_OBJC_ROOT_CLASS = YES_ERROR;
				CLANG_WARN_QUOTED_INCLUDE_IN_FRAMEWORK_HEADER = YES;
				CLANG_WARN_RANGE_LOOP_ANALYSIS = YES;
				CLANG_WARN_STRICT_PROTOTYPES = YES;
				CLANG_WARN_SUSPICIOUS_MOVE = YES;
				CLANG_WARN_UNGUARDED_AVAILABILITY = YES_AGGRESSIVE;
				CLANG_WARN_UNREACHABLE_CODE = YES;
				CLANG_WARN__DUPLICATE_METHOD_MATCH = YES;
				COPY_PHASE_STRIP = NO;
				DEBUG_INFORMATION_FORMAT = dwarf;
				ENABLE_STRICT_OBJC_MSGSEND = YES;
				ENABLE_TESTABILITY = YES;
				ENABLE_USER_SCRIPT_SANDBOXING = YES;
				GCC_C_LANGUAGE_STANDARD = gnu17;
				GCC_DYNAMIC_NO_PIC = NO;
				GCC_NO_COMMON_BLOCKS = YES;
				GCC_OPTIMIZATION_LEVEL = 0;
				GCC_PREPROCESSOR_DEFINITIONS = (
					"DEBUG=1",
					"$(inherited)",
				);
				GCC_WARN_64_TO_32_BIT_CONVERSION = YES;
				GCC_WARN_ABOUT_RETURN_TYPE = YES_ERROR;
				GCC_WARN_UNDECLARED_SELECTOR = YES;
				GCC_WARN_UNINITIALIZED_AUTOS = YES_AGGRESSIVE;
				GCC_WARN_UNUSED_FUNCTION = YES;
				GCC_WARN_UNUSED_VARIABLE = YES;
				IPHONEOS_DEPLOYMENT_TARGET = 17.2;
				LOCALIZATION_PREFERS_STRING_CATALOGS = YES;
				MTL_ENABLE_DEBUG_INFO = INCLUDE_SOURCE;
				MTL_FAST_MATH = YES;
				ONLY_ACTIVE_ARCH = YES;
				SDKROOT = iphoneos;
				SWIFT_ACTIVE_COMPILATION_CONDITIONS = "DEBUG $(inherited)";
				SWIFT_OPTIMIZATION_LEVEL = "-Onone";
			};
			name = Debug;
		};
		BBD910312D0461E900712A9B /* Release */ = {
			isa = XCBuildConfiguration;
			buildSettings = {
				ALWAYS_SEARCH_USER_PATHS = NO;
				ASSETCATALOG_COMPILER_GENERATE_SWIFT_ASSET_SYMBOL_EXTENSIONS = YES;
				CLANG_ANALYZER_NONNULL = YES;
				CLANG_ANALYZER_NUMBER_OBJECT_CONVERSION = YES_AGGRESSIVE;
				CLANG_CXX_LANGUAGE_STANDARD = "gnu++20";
				CLANG_ENABLE_MODULES = YES;
				CLANG_ENABLE_OBJC_ARC = YES;
				CLANG_ENABLE_OBJC_WEAK = YES;
				CLANG_WARN_BLOCK_CAPTURE_AUTORELEASING = YES;
				CLANG_WARN_BOOL_CONVERSION = YES;
				CLANG_WARN_COMMA = YES;
				CLANG_WARN_CONSTANT_CONVERSION = YES;
				CLANG_WARN_DEPRECATED_OBJC_IMPLEMENTATIONS = YES;
				CLANG_WARN_DIRECT_OBJC_ISA_USAGE = YES_ERROR;
				CLANG_WARN_DOCUMENTATION_COMMENTS = YES;
				CLANG_WARN_EMPTY_BODY = YES;
				CLANG_WARN_ENUM_CONVERSION = YES;
				CLANG_WARN_INFINITE_RECURSION = YES;
				CLANG_WARN_INT_CONVERSION = YES;
				CLANG_WARN_NON_LITERAL_NULL_CONVERSION = YES;
				CLANG_WARN_OBJC_IMPLICIT_RETAIN_SELF = YES;
				CLANG_WARN_OBJC_LITERAL_CONVERSION = YES;
				CLANG_WARN_OBJC_ROOT_CLASS = YES_ERROR;
				CLANG_WARN_QUOTED_INCLUDE_IN_FRAMEWORK_HEADER = YES;
				CLANG_WARN_RANGE_LOOP_ANALYSIS = YES;
				CLANG_WARN_STRICT_PROTOTYPES = YES;
				CLANG_WARN_SUSPICIOUS_MOVE = YES;
				CLANG_WARN_UNGUARDED_AVAILABILITY = YES_AGGRESSIVE;
				CLANG_WARN_UNREACHABLE_CODE = YES;
				CLANG_WARN__DUPLICATE_METHOD_MATCH = YES;
				COPY_PHASE_STRIP = NO;
				DEBUG_INFORMATION_FORMAT = "dwarf-with-dsym";
				ENABLE_NS_ASSERTIONS = NO;
				ENABLE_STRICT_OBJC_MSGSEND = YES;
				ENABLE_USER_SCRIPT_SANDBOXING = YES;
				GCC_C_LANGUAGE_STANDARD = gnu17;
				GCC_NO_COMMON_BLOCKS = YES;
				GCC_WARN_64_TO_32_BIT_CONVERSION = YES;
				GCC_WARN_ABOUT_RETURN_TYPE = YES_ERROR;
				GCC_WARN_UNDECLARED_SELECTOR = YES;
				GCC_WARN_UNINITIALIZED_AUTOS = YES_AGGRESSIVE;
				GCC_WARN_UNUSED_FUNCTION = YES;
				GCC_WARN_UNUSED_VARIABLE = YES;
				IPHONEOS_DEPLOYMENT_TARGET = 17.2;
				LOCALIZATION_PREFERS_STRING_CATALOGS = YES;
				MTL_ENABLE_DEBUG_INFO = NO;
				MTL_FAST_MATH = YES;
				SDKROOT = iphoneos;
				SWIFT_COMPILATION_MODE = wholemodule;
				VALIDATE_PRODUCT = YES;
			};
			name = Release;
		};
		BBD910332D0461E900712A9B /* Debug */ = {
			isa = XCBuildConfiguration;
			buildSettings = {
				ASSETCATALOG_COMPILER_APPICON_NAME = AppIcon;
				ASSETCATALOG_COMPILER_GLOBAL_ACCENT_COLOR_NAME = AccentColor;
				CODE_SIGN_STYLE = Automatic;
				CURRENT_PROJECT_VERSION = 1;
				DEVELOPMENT_ASSET_PATHS = "\"CryptoApp/Preview Content\"";
				DEVELOPMENT_TEAM = KT4DXU7VF6;
				ENABLE_PREVIEWS = YES;
				GENERATE_INFOPLIST_FILE = YES;
				INFOPLIST_KEY_CFBundleDisplayName = CryptoApp;
				INFOPLIST_KEY_UIApplicationSceneManifest_Generation = YES;
				INFOPLIST_KEY_UIApplicationSupportsIndirectInputEvents = YES;
				INFOPLIST_KEY_UILaunchScreen_Generation = YES;
				INFOPLIST_KEY_UISupportedInterfaceOrientations = UIInterfaceOrientationPortrait;
				INFOPLIST_KEY_UISupportedInterfaceOrientations_iPad = "UIInterfaceOrientationLandscapeLeft UIInterfaceOrientationLandscapeRight UIInterfaceOrientationPortrait UIInterfaceOrientationPortraitUpsideDown";
				IPHONEOS_DEPLOYMENT_TARGET = 16.0;
				LD_RUNPATH_SEARCH_PATHS = (
					"$(inherited)",
					"@executable_path/Frameworks",
				);
				MARKETING_VERSION = 1.0;
				PRODUCT_BUNDLE_IDENTIFIER = com.quazilier.CryptoApp;
				PRODUCT_NAME = "$(TARGET_NAME)";
				SWIFT_EMIT_LOC_STRINGS = YES;
				SWIFT_VERSION = 5.0;
				TARGETED_DEVICE_FAMILY = "1,2";
			};
			name = Debug;
		};
		BBD910342D0461E900712A9B /* Release */ = {
			isa = XCBuildConfiguration;
			buildSettings = {
				ASSETCATALOG_COMPILER_APPICON_NAME = AppIcon;
				ASSETCATALOG_COMPILER_GLOBAL_ACCENT_COLOR_NAME = AccentColor;
				CODE_SIGN_STYLE = Automatic;
				CURRENT_PROJECT_VERSION = 1;
				DEVELOPMENT_ASSET_PATHS = "\"CryptoApp/Preview Content\"";
				DEVELOPMENT_TEAM = KT4DXU7VF6;
				ENABLE_PREVIEWS = YES;
				GENERATE_INFOPLIST_FILE = YES;
				INFOPLIST_KEY_CFBundleDisplayName = CryptoApp;
				INFOPLIST_KEY_UIApplicationSceneManifest_Generation = YES;
				INFOPLIST_KEY_UIApplicationSupportsIndirectInputEvents = YES;
				INFOPLIST_KEY_UILaunchScreen_Generation = YES;
				INFOPLIST_KEY_UISupportedInterfaceOrientations = UIInterfaceOrientationPortrait;
				INFOPLIST_KEY_UISupportedInterfaceOrientations_iPad = "UIInterfaceOrientationLandscapeLeft UIInterfaceOrientationLandscapeRight UIInterfaceOrientationPortrait UIInterfaceOrientationPortraitUpsideDown";
				IPHONEOS_DEPLOYMENT_TARGET = 16.0;
				LD_RUNPATH_SEARCH_PATHS = (
					"$(inherited)",
					"@executable_path/Frameworks",
				);
				MARKETING_VERSION = 1.0;
				PRODUCT_BUNDLE_IDENTIFIER = com.quazilier.CryptoApp;
				PRODUCT_NAME = "$(TARGET_NAME)";
				SWIFT_EMIT_LOC_STRINGS = YES;
				SWIFT_VERSION = 5.0;
				TARGETED_DEVICE_FAMILY = "1,2";
			};
			name = Release;
		};
/* End XCBuildConfiguration section */

/* Begin XCConfigurationList section */
		BBD9101F2D0461E800712A9B /* Build configuration list for PBXProject "CryptoApp" */ = {
			isa = XCConfigurationList;
			buildConfigurations = (
				BBD910302D0461E900712A9B /* Debug */,
				BBD910312D0461E900712A9B /* Release */,
			);
			defaultConfigurationIsVisible = 0;
			defaultConfigurationName = Release;
		};
		BBD910322D0461E900712A9B /* Build configuration list for PBXNativeTarget "CryptoApp" */ = {
			isa = XCConfigurationList;
			buildConfigurations = (
				BBD910332D0461E900712A9B /* Debug */,
				BBD910342D0461E900712A9B /* Release */,
			);
			defaultConfigurationIsVisible = 0;
			defaultConfigurationName = Release;
		};
/* End XCConfigurationList section */
	};
	rootObject = BBD9101C2D0461E800712A9B /* Project object */;
}
